{
  "version": 4,
  "terraform_version": "1.4.0",
  "serial": 6,
  "lineage": "be5ac64d-d7e7-eb47-022b-d12d5ac8c913",
  "outputs": {},
  "resources": [
    {
      "mode": "data",
      "type": "aws_subnets",
      "name": "default",
      "provider": "provider[\"registry.terraform.io/hashicorp/aws\"]",
      "instances": [
        {
          "schema_version": 0,
          "attributes": {
            "filter": [
              {
                "name": "vpc-id",
                "values": [
                  "vpc-06680a640139ea107"
                ]
              }
            ],
            "id": "eu-central-1",
            "ids": [
              "subnet-004b8545ac02faa1e",
              "subnet-0f258def7edff308a",
              "subnet-035df7435d0e9ce56"
            ],
            "tags": null
          },
          "sensitive_attributes": []
        }
      ]
    },
    {
      "mode": "data",
      "type": "aws_vpc",
      "name": "default",
      "provider": "provider[\"registry.terraform.io/hashicorp/aws\"]",
      "instances": [
        {
          "schema_version": 0,
          "attributes": {
            "arn": "arn:aws:ec2:eu-central-1:163180544290:vpc/vpc-06680a640139ea107",
            "cidr_block": "172.31.0.0/16",
            "cidr_block_associations": [
              {
                "association_id": "vpc-cidr-assoc-0c0b3ba0a68a453cd",
                "cidr_block": "172.31.0.0/16",
                "state": "associated"
              }
            ],
            "default": true,
            "dhcp_options_id": "dopt-0145cb97526e1808c",
            "enable_dns_hostnames": true,
            "enable_dns_support": true,
            "filter": null,
            "id": "vpc-06680a640139ea107",
            "instance_tenancy": "default",
            "ipv6_association_id": "",
            "ipv6_cidr_block": "",
            "main_route_table_id": "rtb-09b424ddc6e84d125",
            "owner_id": "163180544290",
            "state": null,
            "tags": {}
          },
          "sensitive_attributes": []
        }
      ]
    },
    {
      "mode": "managed",
      "type": "aws_key_pair",
      "name": "ssh_keys",
      "provider": "provider[\"registry.terraform.io/hashicorp/aws\"]",
      "instances": [
        {
          "index_key": "id_rsa.pub",
          "schema_version": 1,
          "attributes": {
            "arn": "arn:aws:ec2:eu-central-1:163180544290:key-pair/id_rsa.pub",
            "fingerprint": "66:7f:d0:ef:0c:ec:2d:d5:de:de:8e:5b:62:76:05:3f",
            "id": "id_rsa.pub",
            "key_name": "id_rsa.pub",
            "key_name_prefix": "",
            "key_pair_id": "key-0a42194f0d7d454f7",
            "public_key": "ssh-rsa AAAAB3NzaC1yc2EAAAADAQABAAACAQDFyd2F1dREoe36Y/jla/KeggDqQNIkRGS3D+a/soDMZ/meSx7H7g/Tksd1Way6HMqpp2oBh2jOdLSuvTQG2kiwZ4KjYDAD4Gl0fTnMvpjL9vbEpT22hx98rHCYf6G/PBn1hcR90kJo4SS8sqvFRtWuLuzivnt8BLNpfyeJMRGxkNwwTHJrQamyFYrRZJRJdkn/wBNL9JGUWsQW/zpeZmrJM+AsHWmelvqRc/8OdGkeLgETu6q0hUn+czh71LyWVJgvTOvtsK/g6+AXSz6F+u4edXjjYpsJ10T5wnAJmUj+nsMCZe+Qa67avSttqz9Qzzsx2jY4ZUWChVjFlrIzpZlOXr/XfiRtHjZmA63z6RmvyET32PEgVT8+1Eix0IAWXNG31wOdM6ACL0bVzc9iD/pfJsmq6mDpAyJoowIOmuDAgkpA+Sq6MH+v1KynRJkbErGc6uzJEN2DvgPkVXuvexZxWRIdDTC7t6M8/M5ByZ/IPmYXxcvCYLyVGYXX5yl9EXpXCZe4nKzEOop2q2lP3FbGJkVBBEfy/OsoZgM5K72Zot2acr/lEWEQoxK0U7tkwVXfhcFbrtzKISPtvtBFFzgaA9LxRdWZgyCCzOKLz72yEV7LbPHB2fQ9Zqe8H2hZEpYtsj5a35tO0u93de03MVbdPmWACtvCDdKzt0Jcc3mBjQ== osmium760@gmail.com",
            "tags": {},
            "tags_all": {}
          },
          "sensitive_attributes": [],
          "private": "eyJzY2hlbWFfdmVyc2lvbiI6IjEifQ=="
        }
      ]
    },
    {
      "mode": "managed",
      "type": "aws_security_group",
      "name": "vps_sg",
      "provider": "provider[\"registry.terraform.io/hashicorp/aws\"]",
      "instances": [
        {
          "schema_version": 1,
          "attributes": {
            "arn": "arn:aws:ec2:eu-central-1:163180544290:security-group/sg-00261713b64f08b6e",
            "description": "Security group for vps",
            "egress": [
              {
                "cidr_blocks": [
                  "0.0.0.0/0"
                ],
                "description": "",
                "from_port": 0,
                "ipv6_cidr_blocks": [],
                "prefix_list_ids": [],
                "protocol": "-1",
                "security_groups": [],
                "self": false,
                "to_port": 0
              }
            ],
            "id": "sg-00261713b64f08b6e",
            "ingress": [
              {
                "cidr_blocks": [
                  "0.0.0.0/0"
                ],
                "description": "",
                "from_port": 0,
                "ipv6_cidr_blocks": [],
                "prefix_list_ids": [],
                "protocol": "-1",
                "security_groups": [],
                "self": false,
                "to_port": 0
              }
            ],
            "name": "vps_sg20230321092128813600000001",
            "name_prefix": "vps_sg",
            "owner_id": "163180544290",
            "revoke_rules_on_delete": false,
            "tags": {},
            "tags_all": {},
            "timeouts": null,
            "vpc_id": "vpc-06680a640139ea107"
          },
          "sensitive_attributes": [],
          "private": "eyJlMmJmYjczMC1lY2FhLTExZTYtOGY4OC0zNDM2M2JjN2M0YzAiOnsiY3JlYXRlIjo2MDAwMDAwMDAwMDAsImRlbGV0ZSI6OTAwMDAwMDAwMDAwfSwic2NoZW1hX3ZlcnNpb24iOiIxIn0=",
          "dependencies": [
            "data.aws_vpc.default"
          ]
        }
      ]
    },
    {
      "module": "module.vps",
      "mode": "data",
      "type": "aws_partition",
      "name": "current",
      "provider": "provider[\"registry.terraform.io/hashicorp/aws\"]",
      "instances": [
        {
          "schema_version": 0,
          "attributes": {
            "dns_suffix": "amazonaws.com",
            "id": "aws",
            "partition": "aws",
            "reverse_dns_prefix": "com.amazonaws"
          },
          "sensitive_attributes": []
        }
      ]
    },
    {
      "module": "module.vps",
      "mode": "data",
      "type": "aws_ssm_parameter",
      "name": "this",
      "provider": "provider[\"registry.terraform.io/hashicorp/aws\"]",
      "instances": [
        {
          "index_key": 0,
          "schema_version": 0,
          "attributes": {
            "arn": "arn:aws:ssm:eu-central-1::parameter/aws/service/ami-amazon-linux-latest/amzn2-ami-hvm-x86_64-gp2",
            "id": "/aws/service/ami-amazon-linux-latest/amzn2-ami-hvm-x86_64-gp2",
            "name": "/aws/service/ami-amazon-linux-latest/amzn2-ami-hvm-x86_64-gp2",
            "type": "String",
            "value": "ami-02d459c4c525ef67e",
            "version": 81,
            "with_decryption": true
          },
          "sensitive_attributes": []
        }
      ]
    },
    {
      "module": "module.vps",
      "mode": "managed",
      "type": "aws_instance",
      "name": "this",
      "provider": "provider[\"registry.terraform.io/hashicorp/aws\"]",
      "instances": [
        {
          "index_key": 0,
          "schema_version": 1,
          "attributes": {
            "ami": "ami-050096f31d010b533",
            "arn": "arn:aws:ec2:eu-central-1:163180544290:instance/i-0e174cd28c8a516f5",
            "associate_public_ip_address": true,
            "availability_zone": "eu-central-1a",
            "capacity_reservation_specification": [
              {
                "capacity_reservation_preference": "open",
                "capacity_reservation_target": []
              }
            ],
            "cpu_core_count": 1,
            "cpu_threads_per_core": 2,
            "credit_specification": [
              {
                "cpu_credits": "unlimited"
              }
            ],
            "disable_api_stop": false,
            "disable_api_termination": false,
            "ebs_block_device": [],
            "ebs_optimized": false,
            "enclave_options": [
              {
                "enabled": false
              }
            ],
            "ephemeral_block_device": [],
            "get_password_data": false,
            "hibernation": false,
            "host_id": null,
            "iam_instance_profile": "",
            "id": "i-0e174cd28c8a516f5",
            "instance_initiated_shutdown_behavior": "stop",
            "instance_state": "running",
            "instance_type": "t3.medium",
            "ipv6_address_count": 0,
            "ipv6_addresses": [],
            "key_name": "id_rsa.pub",
            "launch_template": [],
            "maintenance_options": [
              {
                "auto_recovery": "default"
              }
            ],
            "metadata_options": [
              {
                "http_endpoint": "enabled",
                "http_put_response_hop_limit": 1,
                "http_tokens": "optional",
                "instance_metadata_tags": "disabled"
              }
            ],
            "monitoring": false,
            "network_interface": [],
            "outpost_arn": "",
            "password_data": "",
            "placement_group": "",
            "placement_partition_number": null,
            "primary_network_interface_id": "eni-048e775839911cd61",
            "private_dns": "ip-172-31-20-132.eu-central-1.compute.internal",
            "private_dns_name_options": [
              {
                "enable_resource_name_dns_a_record": false,
                "enable_resource_name_dns_aaaa_record": false,
                "hostname_type": "ip-name"
              }
            ],
            "private_ip": "172.31.20.132",
            "public_dns": "ec2-3-75-194-214.eu-central-1.compute.amazonaws.com",
            "public_ip": "3.75.194.214",
            "root_block_device": [
              {
                "delete_on_termination": true,
                "device_name": "/dev/sda1",
                "encrypted": false,
                "iops": 100,
                "kms_key_id": "",
                "tags": {},
                "throughput": 0,
                "volume_id": "vol-094682fb4a7b57c0b",
                "volume_size": 20,
                "volume_type": "gp2"
              }
            ],
            "secondary_private_ips": [],
            "security_groups": [
              "vps_sg20230321092128813600000001"
            ],
            "source_dest_check": true,
            "subnet_id": "subnet-004b8545ac02faa1e",
            "tags": {
              "Name": "",
              "Terraform": "true"
            },
            "tags_all": {
              "Name": "",
              "Terraform": "true"
            },
            "tenancy": "default",
            "timeouts": {
              "create": null,
              "delete": null,
              "update": null
            },
            "user_data": null,
            "user_data_base64": null,
            "user_data_replace_on_change": false,
            "volume_tags": {
              "Name": ""
            },
            "vpc_security_group_ids": [
              "sg-00261713b64f08b6e"
            ]
          },
          "sensitive_attributes": [
            [
              {
                "type": "get_attr",
                "value": "ami"
              }
            ]
          ],
          "private": "eyJlMmJmYjczMC1lY2FhLTExZTYtOGY4OC0zNDM2M2JjN2M0YzAiOnsiY3JlYXRlIjo2MDAwMDAwMDAwMDAsImRlbGV0ZSI6MTIwMDAwMDAwMDAwMCwidXBkYXRlIjo2MDAwMDAwMDAwMDB9LCJzY2hlbWFfdmVyc2lvbiI6IjEifQ==",
          "dependencies": [
            "aws_security_group.vps_sg",
            "data.aws_subnets.default",
            "data.aws_vpc.default",
            "module.vps.aws_iam_instance_profile.this",
            "module.vps.aws_iam_role.this",
            "module.vps.data.aws_iam_policy_document.assume_role_policy",
            "module.vps.data.aws_partition.current",
            "module.vps.data.aws_ssm_parameter.this"
          ]
        }
      ]
    }
  ],
  "check_results": null
}
